<?xml version="1.0" encoding="utf-8"?>
<Project ToolsVersion="14.0" xmlns="http://schemas.microsoft.com/developer/msbuild/2003">
  <ItemGroup>
    <Filter Include="Source Files">
      <UniqueIdentifier>aa189c34-6f7b-48e2-8af0-c4203a2a0c0f</UniqueIdentifier>
      <Extensions>cpp;c;cc;cxx;def;odl;idl;hpj;bat;asm;asmx</Extensions>
    </Filter>
    <Filter Include="Header Files">
      <UniqueIdentifier>d0d94297-1cb5-4580-bcc1-94c9f4a3e9bc</UniqueIdentifier>
      <Extensions>h;hpp;hxx;hm;inl;inc;xsd</Extensions>
    </Filter>
    <Filter Include="Resource Files">
      <UniqueIdentifier>b2dd519b-dc61-412a-963b-8394b7443255</UniqueIdentifier>
      <Extensions>rc;ico;cur;bmp;dlg;rc2;rct;bin;rgs;gif;jpg;jpeg;jpe;resx;tga;tiff;tif;png;wav;mfcribbon-ms</Extensions>
    </Filter>
    <Filter Include="Package">
      <UniqueIdentifier>6dc4c2b9-ad3b-41ab-a590-416fe49ce4c6</UniqueIdentifier>
      <Extensions>appxmanifest;tile;settings</Extensions>
    </Filter>
  </ItemGroup>
  <ItemGroup>
    <ClInclude Include="pch.h">
      <Filter>Header Files</Filter>
    </ClInclude>
    <ClInclude Include="targetver.h">
      <Filter>Header Files</Filter>
    </ClInclude>
  </ItemGroup>
  <ItemGroup>
    <ClCompile Include="pch.cpp">
      <Filter>Source Files</Filter>
    </ClCompile>
    <ClCompile Include="ParserTests.cpp">
      <Filter>Source Files</Filter>
    </ClCompile>
    <ClCompile Include="ExpressionWriterTests.cpp">
      <Filter>Source Files</Filter>
    </ClCompile>
  </ItemGroup>
  <ItemGroup>
    <Image Include="Images\UnitTestLogo.scale-100.png">
      <Filter>Resource Files</Filter>
    </Image>
    <Image Include="Images\UnitTestSmallLogo.scale-100.png">
      <Filter>Resource Files</Filter>
    </Image>
    <Image Include="Images\UnitTestSplashScreen.scale-100.png">
      <Filter>Resource Files</Filter>
    </Image>
    <Image Include="Images\UnitTestStoreLogo.scale-100.png">
      <Filter>Resource Files</Filter>
    </Image>
  </ItemGroup>
  <ItemGroup>
    <AppxManifest Include="Package.appxmanifest">
      <Filter>Package</Filter>
    </AppxManifest>
  </ItemGroup>
  <ItemGroup>
    <None Include="Calculator.Tests_TemporaryKey.pfx" />
  </ItemGroup>
</Project>